
Microsoft Visual Studio Solution File, Format Version 12.00
# Visual Web Developer Express 11
Project("{FAE04EC0-301F-11D3-BF4B-00C04F79EFBC}") = "MVC4ScaffoldingEFMigrations", "MVC4ScaffoldingEFMigrations\MVC4ScaffoldingEFMigrations.csproj", "{579C6977-FC72-4F01-8563-AF81CA60DB90}"
EndProject
Global
	GlobalSection(SolutionConfigurationPlatforms) = preSolution
		Debug|Any CPU = Debug|Any CPU
		Release|Any CPU = Release|Any CPU
	EndGlobalSection
	GlobalSection(ProjectConfigurationPlatforms) = postSolution
		{579C6977-FC72-4F01-8563-AF81CA60DB90}.Debug|Any CPU.ActiveCfg = Debug|Any CPU
		{579C6977-FC72-4F01-8563-AF81CA60DB90}.Debug|Any CPU.Build.0 = Debug|Any CPU
		{579C6977-FC72-4F01-8563-AF81CA60DB90}.Release|Any CPU.ActiveCfg = Release|Any CPU
		{579C6977-FC72-4F01-8563-AF81CA60DB90}.Release|Any CPU.Build.0 = Release|Any CPU
	EndGlobalSection
	GlobalSection(SolutionProperties) = preSolution
		HideSolutionNode = FALSE
	EndGlobalSection
EndGlobal
